// !$*UTF8*$!
{
	archiveVersion = 1;
	classes = {
	};
	objectVersion = 46;
	objects = {

/* Begin PBXBuildFile section */
		CCE758761DC39BF5002C7919 /* main.m in Sources */ = {isa = PBXBuildFile; fileRef = CCE758751DC39BF5002C7919 /* main.m */; };
		CCE758791DC39BF5002C7919 /* AppDelegate.m in Sources */ = {isa = PBXBuildFile; fileRef = CCE758781DC39BF5002C7919 /* AppDelegate.m */; };
		CCE7587C1DC39BF5002C7919 /* ViewController.m in Sources */ = {isa = PBXBuildFile; fileRef = CCE7587B1DC39BF5002C7919 /* ViewController.m */; };
		CCE7587F1DC39BF5002C7919 /* Main.storyboard in Resources */ = {isa = PBXBuildFile; fileRef = CCE7587D1DC39BF5002C7919 /* Main.storyboard */; };
		CCE758811DC39BF5002C7919 /* Assets.xcassets in Resources */ = {isa = PBXBuildFile; fileRef = CCE758801DC39BF5002C7919 /* Assets.xcassets */; };
		CCE758841DC39BF5002C7919 /* LaunchScreen.storyboard in Resources */ = {isa = PBXBuildFile; fileRef = CCE758821DC39BF5002C7919 /* LaunchScreen.storyboard */; };
		CCE7588F1DC39BF5002C7919 /* KappenballTests.m in Sources */ = {isa = PBXBuildFile; fileRef = CCE7588E1DC39BF5002C7919 /* KappenballTests.m */; };
		CCE7589A1DC39BF5002C7919 /* KappenballUITests.m in Sources */ = {isa = PBXBuildFile; fileRef = CCE758991DC39BF5002C7919 /* KappenballUITests.m */; };
		CCE758AB1DC39D52002C7919 /* UIView+IBInspect.m in Sources */ = {isa = PBXBuildFile; fileRef = CCE758AA1DC39D52002C7919 /* UIView+IBInspect.m */; };
		CCE758AE1DC39E4F002C7919 /* GameViewController.m in Sources */ = {isa = PBXBuildFile; fileRef = CCE758AD1DC39E4F002C7919 /* GameViewController.m */; };
		CCE758B11DC39F68002C7919 /* UIColor+TAToolkit.m in Sources */ = {isa = PBXBuildFile; fileRef = CCE758B01DC39F68002C7919 /* UIColor+TAToolkit.m */; };
		CCE758B41DC3A324002C7919 /* CanvasView.m in Sources */ = {isa = PBXBuildFile; fileRef = CCE758B31DC3A324002C7919 /* CanvasView.m */; };
/* End PBXBuildFile section */

/* Begin PBXContainerItemProxy section */
		CCE7588B1DC39BF5002C7919 /* PBXContainerItemProxy */ = {
			isa = PBXContainerItemProxy;
			containerPortal = CCE758691DC39BF5002C7919 /* Project object */;
			proxyType = 1;
			remoteGlobalIDString = CCE758701DC39BF5002C7919;
			remoteInfo = Kappenball;
		};
		CCE758961DC39BF5002C7919 /* PBXContainerItemProxy */ = {
			isa = PBXContainerItemProxy;
			containerPortal = CCE758691DC39BF5002C7919 /* Project object */;
			proxyType = 1;
			remoteGlobalIDString = CCE758701DC39BF5002C7919;
			remoteInfo = Kappenball;
		};
/* End PBXContainerItemProxy section */

/* Begin PBXFileReference section */
		CCE758711DC39BF5002C7919 /* Kappenball.app */ = {isa = PBXFileReference; explicitFileType = wrapper.application; includeInIndex = 0; path = Kappenball.app; sourceTree = BUILT_PRODUCTS_DIR; };
		CCE758751DC39BF5002C7919 /* main.m */ = {isa = PBXFileReference; lastKnownFileType = sourcecode.c.objc; path = main.m; sourceTree = "<group>"; };
		CCE758771DC39BF5002C7919 /* AppDelegate.h */ = {isa = PBXFileReference; lastKnownFileType = sourcecode.c.h; path = AppDelegate.h; sourceTree = "<group>"; };
		CCE758781DC39BF5002C7919 /* AppDelegate.m */ = {isa = PBXFileReference; lastKnownFileType = sourcecode.c.objc; path = AppDelegate.m; sourceTree = "<group>"; };
		CCE7587A1DC39BF5002C7919 /* ViewController.h */ = {isa = PBXFileReference; lastKnownFileType = sourcecode.c.h; path = ViewController.h; sourceTree = "<group>"; };
		CCE7587B1DC39BF5002C7919 /* ViewController.m */ = {isa = PBXFileReference; lastKnownFileType = sourcecode.c.objc; path = ViewController.m; sourceTree = "<group>"; };
		CCE7587E1DC39BF5002C7919 /* Base */ = {isa = PBXFileReference; lastKnownFileType = file.storyboard; name = Base; path = Base.lproj/Main.storyboard; sourceTree = "<group>"; };
		CCE758801DC39BF5002C7919 /* Assets.xcassets */ = {isa = PBXFileReference; lastKnownFileType = folder.assetcatalog; path = Assets.xcassets; sourceTree = "<group>"; };
		CCE758831DC39BF5002C7919 /* Base */ = {isa = PBXFileReference; lastKnownFileType = file.storyboard; name = Base; path = Base.lproj/LaunchScreen.storyboard; sourceTree = "<group>"; };
		CCE758851DC39BF5002C7919 /* Info.plist */ = {isa = PBXFileReference; lastKnownFileType = text.plist.xml; path = Info.plist; sourceTree = "<group>"; };
		CCE7588A1DC39BF5002C7919 /* KappenballTests.xctest */ = {isa = PBXFileReference; explicitFileType = wrapper.cfbundle; includeInIndex = 0; path = KappenballTests.xctest; sourceTree = BUILT_PRODUCTS_DIR; };
		CCE7588E1DC39BF5002C7919 /* KappenballTests.m */ = {isa = PBXFileReference; lastKnownFileType = sourcecode.c.objc; path = KappenballTests.m; sourceTree = "<group>"; };
		CCE758901DC39BF5002C7919 /* Info.plist */ = {isa = PBXFileReference; lastKnownFileType = text.plist.xml; path = Info.plist; sourceTree = "<group>"; };
		CCE758951DC39BF5002C7919 /* KappenballUITests.xctest */ = {isa = PBXFileReference; explicitFileType = wrapper.cfbundle; includeInIndex = 0; path = KappenballUITests.xctest; sourceTree = BUILT_PRODUCTS_DIR; };
		CCE758991DC39BF5002C7919 /* KappenballUITests.m */ = {isa = PBXFileReference; lastKnownFileType = sourcecode.c.objc; path = KappenballUITests.m; sourceTree = "<group>"; };
		CCE7589B1DC39BF5002C7919 /* Info.plist */ = {isa = PBXFileReference; lastKnownFileType = text.plist.xml; path = Info.plist; sourceTree = "<group>"; };
		CCE758A71DC39C2A002C7919 /* constant.h */ = {isa = PBXFileReference; lastKnownFileType = sourcecode.c.h; path = constant.h; sourceTree = "<group>"; };
		CCE758A91DC39D52002C7919 /* UIView+IBInspect.h */ = {isa = PBXFileReference; fileEncoding = 4; lastKnownFileType = sourcecode.c.h; path = "UIView+IBInspect.h"; sourceTree = "<group>"; };
		CCE758AA1DC39D52002C7919 /* UIView+IBInspect.m */ = {isa = PBXFileReference; fileEncoding = 4; lastKnownFileType = sourcecode.c.objc; path = "UIView+IBInspect.m"; sourceTree = "<group>"; };
		CCE758AC1DC39E4F002C7919 /* GameViewController.h */ = {isa = PBXFileReference; fileEncoding = 4; lastKnownFileType = sourcecode.c.h; path = GameViewController.h; sourceTree = "<group>"; };
		CCE758AD1DC39E4F002C7919 /* GameViewController.m */ = {isa = PBXFileReference; fileEncoding = 4; lastKnownFileType = sourcecode.c.objc; path = GameViewController.m; sourceTree = "<group>"; };
		CCE758AF1DC39F68002C7919 /* UIColor+TAToolkit.h */ = {isa = PBXFileReference; fileEncoding = 4; lastKnownFileType = sourcecode.c.h; path = "UIColor+TAToolkit.h"; sourceTree = "<group>"; };
		CCE758B01DC39F68002C7919 /* UIColor+TAToolkit.m */ = {isa = PBXFileReference; fileEncoding = 4; lastKnownFileType = sourcecode.c.objc; path = "UIColor+TAToolkit.m"; sourceTree = "<group>"; };
		CCE758B21DC3A324002C7919 /* CanvasView.h */ = {isa = PBXFileReference; fileEncoding = 4; lastKnownFileType = sourcecode.c.h; path = CanvasView.h; sourceTree = "<group>"; };
		CCE758B31DC3A324002C7919 /* CanvasView.m */ = {isa = PBXFileReference; fileEncoding = 4; lastKnownFileType = sourcecode.c.objc; path = CanvasView.m; sourceTree = "<group>"; };
/* End PBXFileReference section */

/* Begin PBXFrameworksBuildPhase section */
		CCE7586E1DC39BF5002C7919 /* Frameworks */ = {
			isa = PBXFrameworksBuildPhase;
			buildActionMask = 2147483647;
			files = (
			);
			runOnlyForDeploymentPostprocessing = 0;
		};
		CCE758871DC39BF5002C7919 /* Frameworks */ = {
			isa = PBXFrameworksBuildPhase;
			buildActionMask = 2147483647;
			files = (
			);
			runOnlyForDeploymentPostprocessing = 0;
		};
		CCE758921DC39BF5002C7919 /* Frameworks */ = {
			isa = PBXFrameworksBuildPhase;
			buildActionMask = 2147483647;
			files = (
			);
			runOnlyForDeploymentPostprocessing = 0;
		};
/* End PBXFrameworksBuildPhase section */

/* Begin PBXGroup section */
		CCE758681DC39BF5002C7919 = {
			isa = PBXGroup;
			children = (
				CCE758731DC39BF5002C7919 /* Kappenball */,
				CCE7588D1DC39BF5002C7919 /* KappenballTests */,
				CCE758981DC39BF5002C7919 /* KappenballUITests */,
				CCE758721DC39BF5002C7919 /* Products */,
			);
			sourceTree = "<group>";
		};
		CCE758721DC39BF5002C7919 /* Products */ = {
			isa = PBXGroup;
			children = (
				CCE758711DC39BF5002C7919 /* Kappenball.app */,
				CCE7588A1DC39BF5002C7919 /* KappenballTests.xctest */,
				CCE758951DC39BF5002C7919 /* KappenballUITests.xctest */,
			);
			name = Products;
			sourceTree = "<group>";
		};
		CCE758731DC39BF5002C7919 /* Kappenball */ = {
			isa = PBXGroup;
			children = (
				CCE758A81DC39D25002C7919 /* Toolkit */,
				CCE7587A1DC39BF5002C7919 /* ViewController.h */,
				CCE7587B1DC39BF5002C7919 /* ViewController.m */,
				CCE758AC1DC39E4F002C7919 /* GameViewController.h */,
				CCE758AD1DC39E4F002C7919 /* GameViewController.m */,
				CCE758B21DC3A324002C7919 /* CanvasView.h */,
				CCE758B31DC3A324002C7919 /* CanvasView.m */,
				CCE758A71DC39C2A002C7919 /* constant.h */,
				CCE758741DC39BF5002C7919 /* Supporting Files */,
			);
			path = Kappenball;
			sourceTree = "<group>";
		};
		CCE758741DC39BF5002C7919 /* Supporting Files */ = {
			isa = PBXGroup;
			children = (
				CCE758771DC39BF5002C7919 /* AppDelegate.h */,
				CCE758781DC39BF5002C7919 /* AppDelegate.m */,
				CCE7587D1DC39BF5002C7919 /* Main.storyboard */,
				CCE758801DC39BF5002C7919 /* Assets.xcassets */,
				CCE758821DC39BF5002C7919 /* LaunchScreen.storyboard */,
				CCE758851DC39BF5002C7919 /* Info.plist */,
				CCE758751DC39BF5002C7919 /* main.m */,
			);
			name = "Supporting Files";
			sourceTree = "<group>";
		};
		CCE7588D1DC39BF5002C7919 /* KappenballTests */ = {
			isa = PBXGroup;
			children = (
				CCE7588E1DC39BF5002C7919 /* KappenballTests.m */,
				CCE758901DC39BF5002C7919 /* Info.plist */,
			);
			path = KappenballTests;
			sourceTree = "<group>";
		};
		CCE758981DC39BF5002C7919 /* KappenballUITests */ = {
			isa = PBXGroup;
			children = (
				CCE758991DC39BF5002C7919 /* KappenballUITests.m */,
				CCE7589B1DC39BF5002C7919 /* Info.plist */,
			);
			path = KappenballUITests;
			sourceTree = "<group>";
		};
		CCE758A81DC39D25002C7919 /* Toolkit */ = {
			isa = PBXGroup;
			children = (
				CCE758AF1DC39F68002C7919 /* UIColor+TAToolkit.h */,
				CCE758B01DC39F68002C7919 /* UIColor+TAToolkit.m */,
				CCE758A91DC39D52002C7919 /* UIView+IBInspect.h */,
				CCE758AA1DC39D52002C7919 /* UIView+IBInspect.m */,
			);
			name = Toolkit;
			sourceTree = "<group>";
		};
/* End PBXGroup section */

/* Begin PBXNativeTarget section */
		CCE758701DC39BF5002C7919 /* Kappenball */ = {
			isa = PBXNativeTarget;
			buildConfigurationList = CCE7589E1DC39BF5002C7919 /* Build configuration list for PBXNativeTarget "Kappenball" */;
			buildPhases = (
				CCE7586D1DC39BF5002C7919 /* Sources */,
				CCE7586E1DC39BF5002C7919 /* Frameworks */,
				CCE7586F1DC39BF5002C7919 /* Resources */,
			);
			buildRules = (
			);
			dependencies = (
			);
			name = Kappenball;
			productName = Kappenball;
			productReference = CCE758711DC39BF5002C7919 /* Kappenball.app */;
			productType = "com.apple.product-type.application";
		};
		CCE758891DC39BF5002C7919 /* KappenballTests */ = {
			isa = PBXNativeTarget;
			buildConfigurationList = CCE758A11DC39BF5002C7919 /* Build configuration list for PBXNativeTarget "KappenballTests" */;
			buildPhases = (
				CCE758861DC39BF5002C7919 /* Sources */,
				CCE758871DC39BF5002C7919 /* Frameworks */,
				CCE758881DC39BF5002C7919 /* Resources */,
			);
			buildRules = (
			);
			dependencies = (
				CCE7588C1DC39BF5002C7919 /* PBXTargetDependency */,
			);
			name = KappenballTests;
			productName = KappenballTests;
			productReference = CCE7588A1DC39BF5002C7919 /* KappenballTests.xctest */;
			productType = "com.apple.product-type.bundle.unit-test";
		};
		CCE758941DC39BF5002C7919 /* KappenballUITests */ = {
			isa = PBXNativeTarget;
			buildConfigurationList = CCE758A41DC39BF5002C7919 /* Build configuration list for PBXNativeTarget "KappenballUITests" */;
			buildPhases = (
				CCE758911DC39BF5002C7919 /* Sources */,
				CCE758921DC39BF5002C7919 /* Frameworks */,
				CCE758931DC39BF5002C7919 /* Resources */,
			);
			buildRules = (
			);
			dependencies = (
				CCE758971DC39BF5002C7919 /* PBXTargetDependency */,
			);
			name = KappenballUITests;
			productName = KappenballUITests;
			productReference = CCE758951DC39BF5002C7919 /* KappenballUITests.xctest */;
			productType = "com.apple.product-type.bundle.ui-testing";
		};
/* End PBXNativeTarget section */

/* Begin PBXProject section */
		CCE758691DC39BF5002C7919 /* Project object */ = {
			isa = PBXProject;
			attributes = {
				LastUpgradeCheck = 0800;
				ORGANIZATIONNAME = "武淅 段";
				TargetAttributes = {
					CCE758701DC39BF5002C7919 = {
						CreatedOnToolsVersion = 8.0;
						DevelopmentTeam = 99BGKUDWHK;
						ProvisioningStyle = Automatic;
					};
					CCE758891DC39BF5002C7919 = {
						CreatedOnToolsVersion = 8.0;
						ProvisioningStyle = Automatic;
						TestTargetID = CCE758701DC39BF5002C7919;
					};
					CCE758941DC39BF5002C7919 = {
						CreatedOnToolsVersion = 8.0;
						ProvisioningStyle = Automatic;
						TestTargetID = CCE758701DC39BF5002C7919;
					};
				};
			};
			buildConfigurationList = CCE7586C1DC39BF5002C7919 /* Build configuration list for PBXProject "Kappenball" */;
			compatibilityVersion = "Xcode 3.2";
			developmentRegion = English;
			hasScannedForEncodings = 0;
			knownRegions = (
				en,
				Base,
			);
			mainGroup = CCE758681DC39BF5002C7919;
			productRefGroup = CCE758721DC39BF5002C7919 /* Products */;
			projectDirPath = "";
			projectRoot = "";
			targets = (
				CCE758701DC39BF5002C7919 /* Kappenball */,
				CCE758891DC39BF5002C7919 /* KappenballTests */,
				CCE758941DC39BF5002C7919 /* KappenballUITests */,
			);
		};
/* End PBXProject section */

/* Begin PBXResourcesBuildPhase section */
		CCE7586F1DC39BF5002C7919 /* Resources */ = {
			isa = PBXResourcesBuildPhase;
			buildActionMask = 2147483647;
			files = (
				CCE758841DC39BF5002C7919 /* LaunchScreen.storyboard in Resources */,
				CCE758811DC39BF5002C7919 /* Assets.xcassets in Resources */,
				CCE7587F1DC39BF5002C7919 /* Main.storyboard in Resources */,
			);
			runOnlyForDeploymentPostprocessing = 0;
		};
		CCE758881DC39BF5002C7919 /* Resources */ = {
			isa = PBXResourcesBuildPhase;
			buildActionMask = 2147483647;
			files = (
			);
			runOnlyForDeploymentPostprocessing = 0;
		};
		CCE758931DC39BF5002C7919 /* Resources */ = {
			isa = PBXResourcesBuildPhase;
			buildActionMask = 2147483647;
			files = (
			);
			runOnlyForDeploymentPostprocessing = 0;
		};
/* End PBXResourcesBuildPhase section */

/* Begin PBXSourcesBuildPhase section */
		CCE7586D1DC39BF5002C7919 /* Sources */ = {
			isa = PBXSourcesBuildPhase;
			buildActionMask = 2147483647;
			files = (
				CCE758AE1DC39E4F002C7919 /* GameViewController.m in Sources */,
				CCE7587C1DC39BF5002C7919 /* ViewController.m in Sources */,
				CCE758791DC39BF5002C7919 /* AppDelegate.m in Sources */,
				CCE758B11DC39F68002C7919 /* UIColor+TAToolkit.m in Sources */,
				CCE758B41DC3A324002C7919 /* CanvasView.m in Sources */,
				CCE758AB1DC39D52002C7919 /* UIView+IBInspect.m in Sources */,
				CCE758761DC39BF5002C7919 /* main.m in Sources */,
			);
			runOnlyForDeploymentPostprocessing = 0;
		};
		CCE758861DC39BF5002C7919 /* Sources */ = {
			isa = PBXSourcesBuildPhase;
			buildActionMask = 2147483647;
			files = (
				CCE7588F1DC39BF5002C7919 /* KappenballTests.m in Sources */,
			);
			runOnlyForDeploymentPostprocessing = 0;
		};
		CCE758911DC39BF5002C7919 /* Sources */ = {
			isa = PBXSourcesBuildPhase;
			buildActionMask = 2147483647;
			files = (
				CCE7589A1DC39BF5002C7919 /* KappenballUITests.m in Sources */,
			);
			runOnlyForDeploymentPostprocessing = 0;
		};
/* End PBXSourcesBuildPhase section */

/* Begin PBXTargetDependency section */
		CCE7588C1DC39BF5002C7919 /* PBXTargetDependency */ = {
			isa = PBXTargetDependency;
			target = CCE758701DC39BF5002C7919 /* Kappenball */;
			targetProxy = CCE7588B1DC39BF5002C7919 /* PBXContainerItemProxy */;
		};
		CCE758971DC39BF5002C7919 /* PBXTargetDependency */ = {
			isa = PBXTargetDependency;
			target = CCE758701DC39BF5002C7919 /* Kappenball */;
			targetProxy = CCE758961DC39BF5002C7919 /* PBXContainerItemProxy */;
		};
/* End PBXTargetDependency section */

/* Begin PBXVariantGroup section */
		CCE7587D1DC39BF5002C7919 /* Main.storyboard */ = {
			isa = PBXVariantGroup;
			children = (
				CCE7587E1DC39BF5002C7919 /* Base */,
			);
			name = Main.storyboard;
			sourceTree = "<group>";
		};
		CCE758821DC39BF5002C7919 /* LaunchScreen.storyboard */ = {
			isa = PBXVariantGroup;
			children = (
				CCE758831DC39BF5002C7919 /* Base */,
			);
			name = LaunchScreen.storyboard;
			sourceTree = "<group>";
		};
/* End PBXVariantGroup section */

/* Begin XCBuildConfiguration section */
		CCE7589C1DC39BF5002C7919 /* Debug */ = {
			isa = XCBuildConfiguration;
			buildSettings = {
				ALWAYS_SEARCH_USER_PATHS = NO;
				CLANG_ANALYZER_NONNULL = YES;
				CLANG_CXX_LANGUAGE_STANDARD = "gnu++0x";
				CLANG_CXX_LIBRARY = "libc++";
				CLANG_ENABLE_MODULES = YES;
				CLANG_ENABLE_OBJC_ARC = YES;
				CLANG_WARN_BOOL_CONVERSION = YES;
				CLANG_WARN_CONSTANT_CONVERSION = YES;
				CLANG_WARN_DIRECT_OBJC_ISA_USAGE = YES_ERROR;
				CLANG_WARN_DOCUMENTATION_COMMENTS = YES;
				CLANG_WARN_EMPTY_BODY = YES;
				CLANG_WARN_ENUM_CONVERSION = YES;
				CLANG_WARN_INFINITE_RECURSION = YES;
				CLANG_WARN_INT_CONVERSION = YES;
				CLANG_WARN_OBJC_ROOT_CLASS = YES_ERROR;
				CLANG_WARN_SUSPICIOUS_MOVES = YES;
				CLANG_WARN_UNREACHABLE_CODE = YES;
				CLANG_WARN__DUPLICATE_METHOD_MATCH = YES;
				"CODE_SIGN_IDENTITY[sdk=iphoneos*]" = "iPhone Developer";
				COPY_PHASE_STRIP = NO;
				DEBUG_INFORMATION_FORMAT = dwarf;
				ENABLE_STRICT_OBJC_MSGSEND = YES;
				ENABLE_TESTABILITY = YES;
				GCC_C_LANGUAGE_STANDARD = gnu99;
				GCC_DYNAMIC_NO_PIC = NO;
				GCC_NO_COMMON_BLOCKS = YES;
				GCC_OPTIMIZATION_LEVEL = 0;
				GCC_PREPROCESSOR_DEFINITIONS = (
					"DEBUG=1",
					"$(inherited)",
				);
				GCC_WARN_64_TO_32_BIT_CONVERSION = YES;
				GCC_WARN_ABOUT_RETURN_TYPE = YES_ERROR;
				GCC_WARN_UNDECLARED_SELECTOR = YES;
				GCC_WARN_UNINITIALIZED_AUTOS = YES_AGGRESSIVE;
				GCC_WARN_UNUSED_FUNCTION = YES;
				GCC_WARN_UNUSED_VARIABLE = YES;
				IPHONEOS_DEPLOYMENT_TARGET = 10.0;
				MTL_ENABLE_DEBUG_INFO = YES;
				ONLY_ACTIVE_ARCH = YES;
				SDKROOT = iphoneos;
			};
			name = Debug;
		};
		CCE7589D1DC39BF5002C7919 /* Release */ = {
			isa = XCBuildConfiguration;
			buildSettings = {
				ALWAYS_SEARCH_USER_PATHS = NO;
				CLANG_ANALYZER_NONNULL = YES;
				CLANG_CXX_LANGUAGE_STANDARD = "gnu++0x";
				CLANG_CXX_LIBRARY = "libc++";
				CLANG_ENABLE_MODULES = YES;
				CLANG_ENABLE_OBJC_ARC = YES;
				CLANG_WARN_BOOL_CONVERSION = YES;
				CLANG_WARN_CONSTANT_CONVERSION = YES;
				CLANG_WARN_DIRECT_OBJC_ISA_USAGE = YES_ERROR;
				CLANG_WARN_DOCUMENTATION_COMMENTS = YES;
				CLANG_WARN_EMPTY_BODY = YES;
				CLANG_WARN_ENUM_CONVERSION = YES;
				CLANG_WARN_INFINITE_RECURSION = YES;
				CLANG_WARN_INT_CONVERSION = YES;
				CLANG_WARN_OBJC_ROOT_CLASS = YES_ERROR;
				CLANG_WARN_SUSPICIOUS_MOVES = YES;
				CLANG_WARN_UNREACHABLE_CODE = YES;
				CLANG_WARN__DUPLICATE_METHOD_MATCH = YES;
				"CODE_SIGN_IDENTITY[sdk=iphoneos*]" = "iPhone Developer";
				COPY_PHASE_STRIP = NO;
				DEBUG_INFORMATION_FORMAT = "dwarf-with-dsym";
				ENABLE_NS_ASSERTIONS = NO;
				ENABLE_STRICT_OBJC_MSGSEND = YES;
				GCC_C_LANGUAGE_STANDARD = gnu99;
				GCC_NO_COMMON_BLOCKS = YES;
				GCC_WARN_64_TO_32_BIT_CONVERSION = YES;
				GCC_WARN_ABOUT_RETURN_TYPE = YES_ERROR;
				GCC_WARN_UNDECLARED_SELECTOR = YES;
				GCC_WARN_UNINITIALIZED_AUTOS = YES_AGGRESSIVE;
				GCC_WARN_UNUSED_FUNCTION = YES;
				GCC_WARN_UNUSED_VARIABLE = YES;
				IPHONEOS_DEPLOYMENT_TARGET = 10.0;
				MTL_ENABLE_DEBUG_INFO = NO;
				SDKROOT = iphoneos;
				VALIDATE_PRODUCT = YES;
			};
			name = Release;
		};
		CCE7589F1DC39BF5002C7919 /* Debug */ = {
			isa = XCBuildConfiguration;
			buildSettings = {
				ASSETCATALOG_COMPILER_APPICON_NAME = AppIcon;
				DEVELOPMENT_TEAM = 99BGKUDWHK;
				INFOPLIST_FILE = Kappenball/Info.plist;
				LD_RUNPATH_SEARCH_PATHS = "$(inherited) @executable_path/Frameworks";
				PRODUCT_BUNDLE_IDENTIFIER = wuxi.Kappenball;
				PRODUCT_NAME = "$(TARGET_NAME)";
			};
			name = Debug;
		};
		CCE758A01DC39BF5002C7919 /* Release */ = {
			isa = XCBuildConfiguration;
			buildSettings = {
				ASSETCATALOG_COMPILER_APPICON_NAME = AppIcon;
				DEVELOPMENT_TEAM = 99BGKUDWHK;
				INFOPLIST_FILE = Kappenball/Info.plist;
				LD_RUNPATH_SEARCH_PATHS = "$(inherited) @executable_path/Frameworks";
				PRODUCT_BUNDLE_IDENTIFIER = wuxi.Kappenball;
				PRODUCT_NAME = "$(TARGET_NAME)";
			};
			name = Release;
		};
		CCE758A21DC39BF5002C7919 /* Debug */ = {
			isa = XCBuildConfiguration;
			buildSettings = {
				BUNDLE_LOADER = "$(TEST_HOST)";
				INFOPLIST_FILE = KappenballTests/Info.plist;
				LD_RUNPATH_SEARCH_PATHS = "$(inherited) @executable_path/Frameworks @loader_path/Frameworks";
				PRODUCT_BUNDLE_IDENTIFIER = wuxi.KappenballTests;
				PRODUCT_NAME = "$(TARGET_NAME)";
				TEST_HOST = "$(BUILT_PRODUCTS_DIR)/Kappenball.app/Kappenball";
			};
			name = Debug;
		};
		CCE758A31DC39BF5002C7919 /* Release */ = {
			isa = XCBuildConfiguration;
			buildSettings = {
				BUNDLE_LOADER = "$(TEST_HOST)";
				INFOPLIST_FILE = KappenballTests/Info.plist;
				LD_RUNPATH_SEARCH_PATHS = "$(inherited) @executable_path/Frameworks @loader_path/Frameworks";
				PRODUCT_BUNDLE_IDENTIFIER = wuxi.KappenballTests;
				PRODUCT_NAME = "$(TARGET_NAME)";
				TEST_HOST = "$(BUILT_PRODUCTS_DIR)/Kappenball.app/Kappenball";
			};
			name = Release;
		};
		CCE758A51DC39BF5002C7919 /* Debug */ = {
			isa = XCBuildConfiguration;
			buildSettings = {
				INFOPLIST_FILE = KappenballUITests/Info.plist;
				LD_RUNPATH_SEARCH_PATHS = "$(inherited) @executable_path/Frameworks @loader_path/Frameworks";
				PRODUCT_BUNDLE_IDENTIFIER = wuxi.KappenballUITests;
				PRODUCT_NAME = "$(TARGET_NAME)";
				TEST_TARGET_NAME = Kappenball;
			};
			name = Debug;
		};
		CCE758A61DC39BF5002C7919 /* Release */ = {
			isa = XCBuildConfiguration;
			buildSettings = {
				INFOPLIST_FILE = KappenballUITests/Info.plist;
				LD_RUNPATH_SEARCH_PATHS = "$(inherited) @executable_path/Frameworks @loader_path/Frameworks";
				PRODUCT_BUNDLE_IDENTIFIER = wuxi.KappenballUITests;
				PRODUCT_NAME = "$(TARGET_NAME)";
				TEST_TARGET_NAME = Kappenball;
			};
			name = Release;
		};
/* End XCBuildConfiguration section */

/* Begin XCConfigurationList section */
		CCE7586C1DC39BF5002C7919 /* Build configuration list for PBXProject "Kappenball" */ = {
			isa = XCConfigurationList;
			buildConfigurations = (
				CCE7589C1DC39BF5002C7919 /* Debug */,
				CCE7589D1DC39BF5002C7919 /* Release */,
			);
			defaultConfigurationIsVisible = 0;
			defaultConfigurationName = Release;
		};
		CCE7589E1DC39BF5002C7919 /* Build configuration list for PBXNativeTarget "Kappenball" */ = {
			isa = XCConfigurationList;
			buildConfigurations = (
				CCE7589F1DC39BF5002C7919 /* Debug */,
				CCE758A01DC39BF5002C7919 /* Release */,
			);
			defaultConfigurationIsVisible = 0;
		};
		CCE758A11DC39BF5002C7919 /* Build configuration list for PBXNativeTarget "KappenballTests" */ = {
			isa = XCConfigurationList;
			buildConfigurations = (
				CCE758A21DC39BF5002C7919 /* Debug */,
				CCE758A31DC39BF5002C7919 /* Release */,
			);
			defaultConfigurationIsVisible = 0;
		};
		CCE758A41DC39BF5002C7919 /* Build configuration list for PBXNativeTarget "KappenballUITests" */ = {
			isa = XCConfigurationList;
			buildConfigurations = (
				CCE758A51DC39BF5002C7919 /* Debug */,
				CCE758A61DC39BF5002C7919 /* Release */,
			);
			defaultConfigurationIsVisible = 0;
		};
/* End XCConfigurationList section */
	};
	rootObject = CCE758691DC39BF5002C7919 /* Project object */;
}
